// !$*UTF8*$!
{
	archiveVersion = 1;
	classes = {
	};
	objectVersion = 55;
	objects = {

/* Begin PBXBuildFile section */
		3B5806E4286ADE8500E7B8BF /* AppDelegate.swift in Sources */ = {isa = PBXBuildFile; fileRef = 3B5806E3286ADE8500E7B8BF /* AppDelegate.swift */; };
		3B5806E6286ADE8500E7B8BF /* SceneDelegate.swift in Sources */ = {isa = PBXBuildFile; fileRef = 3B5806E5286ADE8500E7B8BF /* SceneDelegate.swift */; };
		3B5806E8286ADE8500E7B8BF /* ViewController.swift in Sources */ = {isa = PBXBuildFile; fileRef = 3B5806E7286ADE8500E7B8BF /* ViewController.swift */; };
		3B5806EB286ADE8500E7B8BF /* Main.storyboard in Resources */ = {isa = PBXBuildFile; fileRef = 3B5806E9286ADE8500E7B8BF /* Main.storyboard */; };
		3B5806ED286ADE8700E7B8BF /* Assets.xcassets in Resources */ = {isa = PBXBuildFile; fileRef = 3B5806EC286ADE8700E7B8BF /* Assets.xcassets */; };
		3B5806F0286ADE8700E7B8BF /* LaunchScreen.storyboard in Resources */ = {isa = PBXBuildFile; fileRef = 3B5806EE286ADE8700E7B8BF /* LaunchScreen.storyboard */; };
		3B5806FB286ADE8800E7B8BF /* DiffableExampleTests.swift in Sources */ = {isa = PBXBuildFile; fileRef = 3B5806FA286ADE8800E7B8BF /* DiffableExampleTests.swift */; };
		3B580705286ADE8800E7B8BF /* DiffableExampleUITests.swift in Sources */ = {isa = PBXBuildFile; fileRef = 3B580704286ADE8800E7B8BF /* DiffableExampleUITests.swift */; };
		3B580707286ADE8800E7B8BF /* DiffableExampleUITestsLaunchTests.swift in Sources */ = {isa = PBXBuildFile; fileRef = 3B580706286ADE8800E7B8BF /* DiffableExampleUITestsLaunchTests.swift */; };
		3B580714286BE13500E7B8BF /* ViewController2.swift in Sources */ = {isa = PBXBuildFile; fileRef = 3B580713286BE13500E7B8BF /* ViewController2.swift */; };
/* End PBXBuildFile section */

/* Begin PBXContainerItemProxy section */
		3B5806F7286ADE8800E7B8BF /* PBXContainerItemProxy */ = {
			isa = PBXContainerItemProxy;
			containerPortal = 3B5806D8286ADE8500E7B8BF /* Project object */;
			proxyType = 1;
			remoteGlobalIDString = 3B5806DF286ADE8500E7B8BF;
			remoteInfo = DiffableExample;
		};
		3B580701286ADE8800E7B8BF /* PBXContainerItemProxy */ = {
			isa = PBXContainerItemProxy;
			containerPortal = 3B5806D8286ADE8500E7B8BF /* Project object */;
			proxyType = 1;
			remoteGlobalIDString = 3B5806DF286ADE8500E7B8BF;
			remoteInfo = DiffableExample;
		};
/* End PBXContainerItemProxy section */

/* Begin PBXFileReference section */
		3B5806E0286ADE8500E7B8BF /* DiffableExample.app */ = {isa = PBXFileReference; explicitFileType = wrapper.application; includeInIndex = 0; path = DiffableExample.app; sourceTree = BUILT_PRODUCTS_DIR; };
		3B5806E3286ADE8500E7B8BF /* AppDelegate.swift */ = {isa = PBXFileReference; lastKnownFileType = sourcecode.swift; path = AppDelegate.swift; sourceTree = "<group>"; };
		3B5806E5286ADE8500E7B8BF /* SceneDelegate.swift */ = {isa = PBXFileReference; lastKnownFileType = sourcecode.swift; path = SceneDelegate.swift; sourceTree = "<group>"; };
		3B5806E7286ADE8500E7B8BF /* ViewController.swift */ = {isa = PBXFileReference; lastKnownFileType = sourcecode.swift; path = ViewController.swift; sourceTree = "<group>"; };
		3B5806EA286ADE8500E7B8BF /* Base */ = {isa = PBXFileReference; lastKnownFileType = file.storyboard; name = Base; path = Base.lproj/Main.storyboard; sourceTree = "<group>"; };
		3B5806EC286ADE8700E7B8BF /* Assets.xcassets */ = {isa = PBXFileReference; lastKnownFileType = folder.assetcatalog; path = Assets.xcassets; sourceTree = "<group>"; };
		3B5806EF286ADE8700E7B8BF /* Base */ = {isa = PBXFileReference; lastKnownFileType = file.storyboard; name = Base; path = Base.lproj/LaunchScreen.storyboard; sourceTree = "<group>"; };
		3B5806F1286ADE8700E7B8BF /* Info.plist */ = {isa = PBXFileReference; lastKnownFileType = text.plist.xml; path = Info.plist; sourceTree = "<group>"; };
		3B5806F6286ADE8800E7B8BF /* DiffableExampleTests.xctest */ = {isa = PBXFileReference; explicitFileType = wrapper.cfbundle; includeInIndex = 0; path = DiffableExampleTests.xctest; sourceTree = BUILT_PRODUCTS_DIR; };
		3B5806FA286ADE8800E7B8BF /* DiffableExampleTests.swift */ = {isa = PBXFileReference; lastKnownFileType = sourcecode.swift; path = DiffableExampleTests.swift; sourceTree = "<group>"; };
		3B580700286ADE8800E7B8BF /* DiffableExampleUITests.xctest */ = {isa = PBXFileReference; explicitFileType = wrapper.cfbundle; includeInIndex = 0; path = DiffableExampleUITests.xctest; sourceTree = BUILT_PRODUCTS_DIR; };
		3B580704286ADE8800E7B8BF /* DiffableExampleUITests.swift */ = {isa = PBXFileReference; lastKnownFileType = sourcecode.swift; path = DiffableExampleUITests.swift; sourceTree = "<group>"; };
		3B580706286ADE8800E7B8BF /* DiffableExampleUITestsLaunchTests.swift */ = {isa = PBXFileReference; lastKnownFileType = sourcecode.swift; path = DiffableExampleUITestsLaunchTests.swift; sourceTree = "<group>"; };
		3B580713286BE13500E7B8BF /* ViewController2.swift */ = {isa = PBXFileReference; lastKnownFileType = sourcecode.swift; path = ViewController2.swift; sourceTree = "<group>"; };
/* End PBXFileReference section */

/* Begin PBXFrameworksBuildPhase section */
		3B5806DD286ADE8500E7B8BF /* Frameworks */ = {
			isa = PBXFrameworksBuildPhase;
			buildActionMask = 2147483647;
			files = (
			);
			runOnlyForDeploymentPostprocessing = 0;
		};
		3B5806F3286ADE8800E7B8BF /* Frameworks */ = {
			isa = PBXFrameworksBuildPhase;
			buildActionMask = 2147483647;
			files = (
			);
			runOnlyForDeploymentPostprocessing = 0;
		};
		3B5806FD286ADE8800E7B8BF /* Frameworks */ = {
			isa = PBXFrameworksBuildPhase;
			buildActionMask = 2147483647;
			files = (
			);
			runOnlyForDeploymentPostprocessing = 0;
		};
/* End PBXFrameworksBuildPhase section */

/* Begin PBXGroup section */
		3B5806D7286ADE8500E7B8BF = {
			isa = PBXGroup;
			children = (
				3B5806E2286ADE8500E7B8BF /* DiffableExample */,
				3B5806F9286ADE8800E7B8BF /* DiffableExampleTests */,
				3B580703286ADE8800E7B8BF /* DiffableExampleUITests */,
				3B5806E1286ADE8500E7B8BF /* Products */,
			);
			sourceTree = "<group>";
		};
		3B5806E1286ADE8500E7B8BF /* Products */ = {
			isa = PBXGroup;
			children = (
				3B5806E0286ADE8500E7B8BF /* DiffableExample.app */,
				3B5806F6286ADE8800E7B8BF /* DiffableExampleTests.xctest */,
				3B580700286ADE8800E7B8BF /* DiffableExampleUITests.xctest */,
			);
			name = Products;
			sourceTree = "<group>";
		};
		3B5806E2286ADE8500E7B8BF /* DiffableExample */ = {
			isa = PBXGroup;
			children = (
				3B5806E3286ADE8500E7B8BF /* AppDelegate.swift */,
				3B5806E5286ADE8500E7B8BF /* SceneDelegate.swift */,
				3B5806E7286ADE8500E7B8BF /* ViewController.swift */,
				3B580713286BE13500E7B8BF /* ViewController2.swift */,
				3B5806E9286ADE8500E7B8BF /* Main.storyboard */,
				3B5806EC286ADE8700E7B8BF /* Assets.xcassets */,
				3B5806EE286ADE8700E7B8BF /* LaunchScreen.storyboard */,
				3B5806F1286ADE8700E7B8BF /* Info.plist */,
			);
			path = DiffableExample;
			sourceTree = "<group>";
		};
		3B5806F9286ADE8800E7B8BF /* DiffableExampleTests */ = {
			isa = PBXGroup;
			children = (
				3B5806FA286ADE8800E7B8BF /* DiffableExampleTests.swift */,
			);
			path = DiffableExampleTests;
			sourceTree = "<group>";
		};
		3B580703286ADE8800E7B8BF /* DiffableExampleUITests */ = {
			isa = PBXGroup;
			children = (
				3B580704286ADE8800E7B8BF /* DiffableExampleUITests.swift */,
				3B580706286ADE8800E7B8BF /* DiffableExampleUITestsLaunchTests.swift */,
			);
			path = DiffableExampleUITests;
			sourceTree = "<group>";
		};
/* End PBXGroup section */

/* Begin PBXNativeTarget section */
		3B5806DF286ADE8500E7B8BF /* DiffableExample */ = {
			isa = PBXNativeTarget;
			buildConfigurationList = 3B58070A286ADE8800E7B8BF /* Build configuration list for PBXNativeTarget "DiffableExample" */;
			buildPhases = (
				3B5806DC286ADE8500E7B8BF /* Sources */,
				3B5806DD286ADE8500E7B8BF /* Frameworks */,
				3B5806DE286ADE8500E7B8BF /* Resources */,
			);
			buildRules = (
			);
			dependencies = (
			);
			name = DiffableExample;
			productName = DiffableExample;
			productReference = 3B5806E0286ADE8500E7B8BF /* DiffableExample.app */;
			productType = "com.apple.product-type.application";
		};
		3B5806F5286ADE8800E7B8BF /* DiffableExampleTests */ = {
			isa = PBXNativeTarget;
			buildConfigurationList = 3B58070D286ADE8800E7B8BF /* Build configuration list for PBXNativeTarget "DiffableExampleTests" */;
			buildPhases = (
				3B5806F2286ADE8800E7B8BF /* Sources */,
				3B5806F3286ADE8800E7B8BF /* Frameworks */,
				3B5806F4286ADE8800E7B8BF /* Resources */,
			);
			buildRules = (
			);
			dependencies = (
				3B5806F8286ADE8800E7B8BF /* PBXTargetDependency */,
			);
			name = DiffableExampleTests;
			productName = DiffableExampleTests;
			productReference = 3B5806F6286ADE8800E7B8BF /* DiffableExampleTests.xctest */;
			productType = "com.apple.product-type.bundle.unit-test";
		};
		3B5806FF286ADE8800E7B8BF /* DiffableExampleUITests */ = {
			isa = PBXNativeTarget;
			buildConfigurationList = 3B580710286ADE8800E7B8BF /* Build configuration list for PBXNativeTarget "DiffableExampleUITests" */;
			buildPhases = (
				3B5806FC286ADE8800E7B8BF /* Sources */,
				3B5806FD286ADE8800E7B8BF /* Frameworks */,
				3B5806FE286ADE8800E7B8BF /* Resources */,
			);
			buildRules = (
			);
			dependencies = (
				3B580702286ADE8800E7B8BF /* PBXTargetDependency */,
			);
			name = DiffableExampleUITests;
			productName = DiffableExampleUITests;
			productReference = 3B580700286ADE8800E7B8BF /* DiffableExampleUITests.xctest */;
			productType = "com.apple.product-type.bundle.ui-testing";
		};
/* End PBXNativeTarget section */

/* Begin PBXProject section */
		3B5806D8286ADE8500E7B8BF /* Project object */ = {
			isa = PBXProject;
			attributes = {
				BuildIndependentTargetsInParallel = 1;
				LastSwiftUpdateCheck = 1330;
				LastUpgradeCheck = 1330;
				TargetAttributes = {
					3B5806DF286ADE8500E7B8BF = {
						CreatedOnToolsVersion = 13.3.1;
					};
					3B5806F5286ADE8800E7B8BF = {
						CreatedOnToolsVersion = 13.3.1;
						TestTargetID = 3B5806DF286ADE8500E7B8BF;
					};
					3B5806FF286ADE8800E7B8BF = {
						CreatedOnToolsVersion = 13.3.1;
						TestTargetID = 3B5806DF286ADE8500E7B8BF;
					};
				};
			};
			buildConfigurationList = 3B5806DB286ADE8500E7B8BF /* Build configuration list for PBXProject "DiffableExample" */;
			compatibilityVersion = "Xcode 13.0";
			developmentRegion = en;
			hasScannedForEncodings = 0;
			knownRegions = (
				en,
				Base,
			);
			mainGroup = 3B5806D7286ADE8500E7B8BF;
			productRefGroup = 3B5806E1286ADE8500E7B8BF /* Products */;
			projectDirPath = "";
			projectRoot = "";
			targets = (
				3B5806DF286ADE8500E7B8BF /* DiffableExample */,
				3B5806F5286ADE8800E7B8BF /* DiffableExampleTests */,
				3B5806FF286ADE8800E7B8BF /* DiffableExampleUITests */,
			);
		};
/* End PBXProject section */

/* Begin PBXResourcesBuildPhase section */
		3B5806DE286ADE8500E7B8BF /* Resources */ = {
			isa = PBXResourcesBuildPhase;
			buildActionMask = 2147483647;
			files = (
				3B5806F0286ADE8700E7B8BF /* LaunchScreen.storyboard in Resources */,
				3B5806ED286ADE8700E7B8BF /* Assets.xcassets in Resources */,
				3B5806EB286ADE8500E7B8BF /* Main.storyboard in Resources */,
			);
			runOnlyForDeploymentPostprocessing = 0;
		};
		3B5806F4286ADE8800E7B8BF /* Resources */ = {
			isa = PBXResourcesBuildPhase;
			buildActionMask = 2147483647;
			files = (
			);
			runOnlyForDeploymentPostprocessing = 0;
		};
		3B5806FE286ADE8800E7B8BF /* Resources */ = {
			isa = PBXResourcesBuildPhase;
			buildActionMask = 2147483647;
			files = (
			);
			runOnlyForDeploymentPostprocessing = 0;
		};
/* End PBXResourcesBuildPhase section */

/* Begin PBXSourcesBuildPhase section */
		3B5806DC286ADE8500E7B8BF /* Sources */ = {
			isa = PBXSourcesBuildPhase;
			buildActionMask = 2147483647;
			files = (
				3B5806E8286ADE8500E7B8BF /* ViewController.swift in Sources */,
				3B580714286BE13500E7B8BF /* ViewController2.swift in Sources */,
				3B5806E4286ADE8500E7B8BF /* AppDelegate.swift in Sources */,
				3B5806E6286ADE8500E7B8BF /* SceneDelegate.swift in Sources */,
			);
			runOnlyForDeploymentPostprocessing = 0;
		};
		3B5806F2286ADE8800E7B8BF /* Sources */ = {
			isa = PBXSourcesBuildPhase;
			buildActionMask = 2147483647;
			files = (
				3B5806FB286ADE8800E7B8BF /* DiffableExampleTests.swift in Sources */,
			);
			runOnlyForDeploymentPostprocessing = 0;
		};
		3B5806FC286ADE8800E7B8BF /* Sources */ = {
			isa = PBXSourcesBuildPhase;
			buildActionMask = 2147483647;
			files = (
				3B580707286ADE8800E7B8BF /* DiffableExampleUITestsLaunchTests.swift in Sources */,
				3B580705286ADE8800E7B8BF /* DiffableExampleUITests.swift in Sources */,
			);
			runOnlyForDeploymentPostprocessing = 0;
		};
/* End PBXSourcesBuildPhase section */

/* Begin PBXTargetDependency section */
		3B5806F8286ADE8800E7B8BF /* PBXTargetDependency */ = {
			isa = PBXTargetDependency;
			target = 3B5806DF286ADE8500E7B8BF /* DiffableExample */;
			targetProxy = 3B5806F7286ADE8800E7B8BF /* PBXContainerItemProxy */;
		};
		3B580702286ADE8800E7B8BF /* PBXTargetDependency */ = {
			isa = PBXTargetDependency;
			target = 3B5806DF286ADE8500E7B8BF /* DiffableExample */;
			targetProxy = 3B580701286ADE8800E7B8BF /* PBXContainerItemProxy */;
		};
/* End PBXTargetDependency section */

/* Begin PBXVariantGroup section */
		3B5806E9286ADE8500E7B8BF /* Main.storyboard */ = {
			isa = PBXVariantGroup;
			children = (
				3B5806EA286ADE8500E7B8BF /* Base */,
			);
			name = Main.storyboard;
			sourceTree = "<group>";
		};
		3B5806EE286ADE8700E7B8BF /* LaunchScreen.storyboard */ = {
			isa = PBXVariantGroup;
			children = (
				3B5806EF286ADE8700E7B8BF /* Base */,
			);
			name = LaunchScreen.storyboard;
			sourceTree = "<group>";
		};
/* End PBXVariantGroup section */

/* Begin XCBuildConfiguration section */
		3B580708286ADE8800E7B8BF /* Debug */ = {
			isa = XCBuildConfiguration;
			buildSettings = {
				ALWAYS_SEARCH_USER_PATHS = NO;
				CLANG_ANALYZER_NONNULL = YES;
				CLANG_ANALYZER_NUMBER_OBJECT_CONVERSION = YES_AGGRESSIVE;
				CLANG_CXX_LANGUAGE_STANDARD = "gnu++17";
				CLANG_ENABLE_MODULES = YES;
				CLANG_ENABLE_OBJC_ARC = YES;
				CLANG_ENABLE_OBJC_WEAK = YES;
				CLANG_WARN_BLOCK_CAPTURE_AUTORELEASING = YES;
				CLANG_WARN_BOOL_CONVERSION = YES;
				CLANG_WARN_COMMA = YES;
				CLANG_WARN_CONSTANT_CONVERSION = YES;
				CLANG_WARN_DEPRECATED_OBJC_IMPLEMENTATIONS = YES;
				CLANG_WARN_DIRECT_OBJC_ISA_USAGE = YES_ERROR;
				CLANG_WARN_DOCUMENTATION_COMMENTS = YES;
				CLANG_WARN_EMPTY_BODY = YES;
				CLANG_WARN_ENUM_CONVERSION = YES;
				CLANG_WARN_INFINITE_RECURSION = YES;
				CLANG_WARN_INT_CONVERSION = YES;
				CLANG_WARN_NON_LITERAL_NULL_CONVERSION = YES;
				CLANG_WARN_OBJC_IMPLICIT_RETAIN_SELF = YES;
				CLANG_WARN_OBJC_LITERAL_CONVERSION = YES;
				CLANG_WARN_OBJC_ROOT_CLASS = YES_ERROR;
				CLANG_WARN_QUOTED_INCLUDE_IN_FRAMEWORK_HEADER = YES;
				CLANG_WARN_RANGE_LOOP_ANALYSIS = YES;
				CLANG_WARN_STRICT_PROTOTYPES = YES;
				CLANG_WARN_SUSPICIOUS_MOVE = YES;
				CLANG_WARN_UNGUARDED_AVAILABILITY = YES_AGGRESSIVE;
				CLANG_WARN_UNREACHABLE_CODE = YES;
				CLANG_WARN__DUPLICATE_METHOD_MATCH = YES;
				COPY_PHASE_STRIP = NO;
				DEBUG_INFORMATION_FORMAT = dwarf;
				ENABLE_STRICT_OBJC_MSGSEND = YES;
				ENABLE_TESTABILITY = YES;
				GCC_C_LANGUAGE_STANDARD = gnu11;
				GCC_DYNAMIC_NO_PIC = NO;
				GCC_NO_COMMON_BLOCKS = YES;
				GCC_OPTIMIZATION_LEVEL = 0;
				GCC_PREPROCESSOR_DEFINITIONS = (
					"DEBUG=1",
					"$(inherited)",
				);
				GCC_WARN_64_TO_32_BIT_CONVERSION = YES;
				GCC_WARN_ABOUT_RETURN_TYPE = YES_ERROR;
				GCC_WARN_UNDECLARED_SELECTOR = YES;
				GCC_WARN_UNINITIALIZED_AUTOS = YES_AGGRESSIVE;
				GCC_WARN_UNUSED_FUNCTION = YES;
				GCC_WARN_UNUSED_VARIABLE = YES;
				IPHONEOS_DEPLOYMENT_TARGET = 13.0;
				MTL_ENABLE_DEBUG_INFO = INCLUDE_SOURCE;
				MTL_FAST_MATH = YES;
				ONLY_ACTIVE_ARCH = YES;
				SDKROOT = iphoneos;
				SWIFT_ACTIVE_COMPILATION_CONDITIONS = DEBUG;
				SWIFT_OPTIMIZATION_LEVEL = "-Onone";
			};
			name = Debug;
		};
		3B580709286ADE8800E7B8BF /* Release */ = {
			isa = XCBuildConfiguration;
			buildSettings = {
				ALWAYS_SEARCH_USER_PATHS = NO;
				CLANG_ANALYZER_NONNULL = YES;
				CLANG_ANALYZER_NUMBER_OBJECT_CONVERSION = YES_AGGRESSIVE;
				CLANG_CXX_LANGUAGE_STANDARD = "gnu++17";
				CLANG_ENABLE_MODULES = YES;
				CLANG_ENABLE_OBJC_ARC = YES;
				CLANG_ENABLE_OBJC_WEAK = YES;
				CLANG_WARN_BLOCK_CAPTURE_AUTORELEASING = YES;
				CLANG_WARN_BOOL_CONVERSION = YES;
				CLANG_WARN_COMMA = YES;
				CLANG_WARN_CONSTANT_CONVERSION = YES;
				CLANG_WARN_DEPRECATED_OBJC_IMPLEMENTATIONS = YES;
				CLANG_WARN_DIRECT_OBJC_ISA_USAGE = YES_ERROR;
				CLANG_WARN_DOCUMENTATION_COMMENTS = YES;
				CLANG_WARN_EMPTY_BODY = YES;
				CLANG_WARN_ENUM_CONVERSION = YES;
				CLANG_WARN_INFINITE_RECURSION = YES;
				CLANG_WARN_INT_CONVERSION = YES;
				CLANG_WARN_NON_LITERAL_NULL_CONVERSION = YES;
				CLANG_WARN_OBJC_IMPLICIT_RETAIN_SELF = YES;
				CLANG_WARN_OBJC_LITERAL_CONVERSION = YES;
				CLANG_WARN_OBJC_ROOT_CLASS = YES_ERROR;
				CLANG_WARN_QUOTED_INCLUDE_IN_FRAMEWORK_HEADER = YES;
				CLANG_WARN_RANGE_LOOP_ANALYSIS = YES;
				CLANG_WARN_STRICT_PROTOTYPES = YES;
				CLANG_WARN_SUSPICIOUS_MOVE = YES;
				CLANG_WARN_UNGUARDED_AVAILABILITY = YES_AGGRESSIVE;
				CLANG_WARN_UNREACHABLE_CODE = YES;
				CLANG_WARN__DUPLICATE_METHOD_MATCH = YES;
				COPY_PHASE_STRIP = NO;
				DEBUG_INFORMATION_FORMAT = "dwarf-with-dsym";
				ENABLE_NS_ASSERTIONS = NO;
				ENABLE_STRICT_OBJC_MSGSEND = YES;
				GCC_C_LANGUAGE_STANDARD = gnu11;
				GCC_NO_COMMON_BLOCKS = YES;
				GCC_WARN_64_TO_32_BIT_CONVERSION = YES;
				GCC_WARN_ABOUT_RETURN_TYPE = YES_ERROR;
				GCC_WARN_UNDECLARED_SELECTOR = YES;
				GCC_WARN_UNINITIALIZED_AUTOS = YES_AGGRESSIVE;
				GCC_WARN_UNUSED_FUNCTION = YES;
				GCC_WARN_UNUSED_VARIABLE = YES;
				IPHONEOS_DEPLOYMENT_TARGET = 13.0;
				MTL_ENABLE_DEBUG_INFO = NO;
				MTL_FAST_MATH = YES;
				SDKROOT = iphoneos;
				SWIFT_COMPILATION_MODE = wholemodule;
				SWIFT_OPTIMIZATION_LEVEL = "-O";
				VALIDATE_PRODUCT = YES;
			};
			name = Release;
		};
		3B58070B286ADE8800E7B8BF /* Debug */ = {
			isa = XCBuildConfiguration;
			buildSettings = {
				ASSETCATALOG_COMPILER_APPICON_NAME = AppIcon;
				ASSETCATALOG_COMPILER_GLOBAL_ACCENT_COLOR_NAME = AccentColor;
				CODE_SIGN_STYLE = Automatic;
				CURRENT_PROJECT_VERSION = 1;
				DEVELOPMENT_TEAM = 6C4YL9RLK7;
				GENERATE_INFOPLIST_FILE = YES;
				INFOPLIST_FILE = DiffableExample/Info.plist;
				INFOPLIST_KEY_UIApplicationSupportsIndirectInputEvents = YES;
				INFOPLIST_KEY_UILaunchStoryboardName = LaunchScreen;
				INFOPLIST_KEY_UIMainStoryboardFile = Main;
				INFOPLIST_KEY_UISupportedInterfaceOrientations_iPad = "UIInterfaceOrientationPortrait UIInterfaceOrientationPortraitUpsideDown UIInterfaceOrientationLandscapeLeft UIInterfaceOrientationLandscapeRight";
				INFOPLIST_KEY_UISupportedInterfaceOrientations_iPhone = "UIInterfaceOrientationPortrait UIInterfaceOrientationLandscapeLeft UIInterfaceOrientationLandscapeRight";
				LD_RUNPATH_SEARCH_PATHS = (
					"$(inherited)",
					"@executable_path/Frameworks",
				);
				MARKETING_VERSION = 1.0;
				PRODUCT_BUNDLE_IDENTIFIER = com.eunjin.DiffableExample;
				PRODUCT_NAME = "$(TARGET_NAME)";
				SWIFT_EMIT_LOC_STRINGS = YES;
				SWIFT_VERSION = 5.0;
				TARGETED_DEVICE_FAMILY = "1,2";
			};
			name = Debug;
		};
		3B58070C286ADE8800E7B8BF /* Release */ = {
			isa = XCBuildConfiguration;
			buildSettings = {
				ASSETCATALOG_COMPILER_APPICON_NAME = AppIcon;
				ASSETCATALOG_COMPILER_GLOBAL_ACCENT_COLOR_NAME = AccentColor;
				CODE_SIGN_STYLE = Automatic;
				CURRENT_PROJECT_VERSION = 1;
				DEVELOPMENT_TEAM = 6C4YL9RLK7;
				GENERATE_INFOPLIST_FILE = YES;
				INFOPLIST_FILE = DiffableExample/Info.plist;
				INFOPLIST_KEY_UIApplicationSupportsIndirectInputEvents = YES;
				INFOPLIST_KEY_UILaunchStoryboardName = LaunchScreen;
				INFOPLIST_KEY_UIMainStoryboardFile = Main;
				INFOPLIST_KEY_UISupportedInterfaceOrientations_iPad = "UIInterfaceOrientationPortrait UIInterfaceOrientationPortraitUpsideDown UIInterfaceOrientationLandscapeLeft UIInterfaceOrientationLandscapeRight";
				INFOPLIST_KEY_UISupportedInterfaceOrientations_iPhone = "UIInterfaceOrientationPortrait UIInterfaceOrientationLandscapeLeft UIInterfaceOrientationLandscapeRight";
				LD_RUNPATH_SEARCH_PATHS = (
					"$(inherited)",
					"@executable_path/Frameworks",
				);
				MARKETING_VERSION = 1.0;
				PRODUCT_BUNDLE_IDENTIFIER = com.eunjin.DiffableExample;
				PRODUCT_NAME = "$(TARGET_NAME)";
				SWIFT_EMIT_LOC_STRINGS = YES;
				SWIFT_VERSION = 5.0;
				TARGETED_DEVICE_FAMILY = "1,2";
			};
			name = Release;
		};
		3B58070E286ADE8800E7B8BF /* Debug */ = {
			isa = XCBuildConfiguration;
			buildSettings = {
				ALWAYS_EMBED_SWIFT_STANDARD_LIBRARIES = YES;
				BUNDLE_LOADER = "$(TEST_HOST)";
				CODE_SIGN_STYLE = Automatic;
				CURRENT_PROJECT_VERSION = 1;
				DEVELOPMENT_TEAM = 6C4YL9RLK7;
				GENERATE_INFOPLIST_FILE = YES;
				IPHONEOS_DEPLOYMENT_TARGET = 15.4;
				MARKETING_VERSION = 1.0;
				PRODUCT_BUNDLE_IDENTIFIER = com.eunjin.DiffableExampleTests;
				PRODUCT_NAME = "$(TARGET_NAME)";
				SWIFT_EMIT_LOC_STRINGS = NO;
				SWIFT_VERSION = 5.0;
				TARGETED_DEVICE_FAMILY = "1,2";
				TEST_HOST = "$(BUILT_PRODUCTS_DIR)/DiffableExample.app/DiffableExample";
			};
			name = Debug;
		};
		3B58070F286ADE8800E7B8BF /* Release */ = {
			isa = XCBuildConfiguration;
			buildSettings = {
				ALWAYS_EMBED_SWIFT_STANDARD_LIBRARIES = YES;
				BUNDLE_LOADER = "$(TEST_HOST)";
				CODE_SIGN_STYLE = Automatic;
				CURRENT_PROJECT_VERSION = 1;
				DEVELOPMENT_TEAM = 6C4YL9RLK7;
				GENERATE_INFOPLIST_FILE = YES;
				IPHONEOS_DEPLOYMENT_TARGET = 15.4;
				MARKETING_VERSION = 1.0;
				PRODUCT_BUNDLE_IDENTIFIER = com.eunjin.DiffableExampleTests;
				PRODUCT_NAME = "$(TARGET_NAME)";
				SWIFT_EMIT_LOC_STRINGS = NO;
				SWIFT_VERSION = 5.0;
				TARGETED_DEVICE_FAMILY = "1,2";
				TEST_HOST = "$(BUILT_PRODUCTS_DIR)/DiffableExample.app/DiffableExample";
			};
			name = Release;
		};
		3B580711286ADE8800E7B8BF /* Debug */ = {
			isa = XCBuildConfiguration;
			buildSettings = {
				ALWAYS_EMBED_SWIFT_STANDARD_LIBRARIES = YES;
				CODE_SIGN_STYLE = Automatic;
				CURRENT_PROJECT_VERSION = 1;
				DEVELOPMENT_TEAM = 6C4YL9RLK7;
				GENERATE_INFOPLIST_FILE = YES;
				MARKETING_VERSION = 1.0;
				PRODUCT_BUNDLE_IDENTIFIER = com.eunjin.DiffableExampleUITests;
				PRODUCT_NAME = "$(TARGET_NAME)";
				SWIFT_EMIT_LOC_STRINGS = NO;
				SWIFT_VERSION = 5.0;
				TARGETED_DEVICE_FAMILY = "1,2";
				TEST_TARGET_NAME = DiffableExample;
			};
			name = Debug;
		};
		3B580712286ADE8800E7B8BF /* Release */ = {
			isa = XCBuildConfiguration;
			buildSettings = {
				ALWAYS_EMBED_SWIFT_STANDARD_LIBRARIES = YES;
				CODE_SIGN_STYLE = Automatic;
				CURRENT_PROJECT_VERSION = 1;
				DEVELOPMENT_TEAM = 6C4YL9RLK7;
				GENERATE_INFOPLIST_FILE = YES;
				MARKETING_VERSION = 1.0;
				PRODUCT_BUNDLE_IDENTIFIER = com.eunjin.DiffableExampleUITests;
				PRODUCT_NAME = "$(TARGET_NAME)";
				SWIFT_EMIT_LOC_STRINGS = NO;
				SWIFT_VERSION = 5.0;
				TARGETED_DEVICE_FAMILY = "1,2";
				TEST_TARGET_NAME = DiffableExample;
			};
			name = Release;
		};
/* End XCBuildConfiguration section */

/* Begin XCConfigurationList section */
		3B5806DB286ADE8500E7B8BF /* Build configuration list for PBXProject "DiffableExample" */ = {
			isa = XCConfigurationList;
			buildConfigurations = (
				3B580708286ADE8800E7B8BF /* Debug */,
				3B580709286ADE8800E7B8BF /* Release */,
			);
			defaultConfigurationIsVisible = 0;
			defaultConfigurationName = Release;
		};
		3B58070A286ADE8800E7B8BF /* Build configuration list for PBXNativeTarget "DiffableExample" */ = {
			isa = XCConfigurationList;
			buildConfigurations = (
				3B58070B286ADE8800E7B8BF /* Debug */,
				3B58070C286ADE8800E7B8BF /* Release */,
			);
			defaultConfigurationIsVisible = 0;
			defaultConfigurationName = Release;
		};
		3B58070D286ADE8800E7B8BF /* Build configuration list for PBXNativeTarget "DiffableExampleTests" */ = {
			isa = XCConfigurationList;
			buildConfigurations = (
				3B58070E286ADE8800E7B8BF /* Debug */,
				3B58070F286ADE8800E7B8BF /* Release */,
			);
			defaultConfigurationIsVisible = 0;
			defaultConfigurationName = Release;
		};
		3B580710286ADE8800E7B8BF /* Build configuration list for PBXNativeTarget "DiffableExampleUITests" */ = {
			isa = XCConfigurationList;
			buildConfigurations = (
				3B580711286ADE8800E7B8BF /* Debug */,
				3B580712286ADE8800E7B8BF /* Release */,
			);
			defaultConfigurationIsVisible = 0;
			defaultConfigurationName = Release;
		};
/* End XCConfigurationList section */
	};
	rootObject = 3B5806D8286ADE8500E7B8BF /* Project object */;
}
